// !$*UTF8*$!
{
	archiveVersion = 1;
	classes = {
	};
	objectVersion = 46;
	objects = {

/* Begin PBXBuildFile section */
		EE4D3EE01E49D39D00B37D17 /* AppDelegate.swift in Sources */ = {isa = PBXBuildFile; fileRef = EE4D3EDF1E49D39D00B37D17 /* AppDelegate.swift */; };
		EE4D3EE21E49D39D00B37D17 /* ViewController.swift in Sources */ = {isa = PBXBuildFile; fileRef = EE4D3EE11E49D39D00B37D17 /* ViewController.swift */; };
		EE4D3EE51E49D39D00B37D17 /* Main.storyboard in Resources */ = {isa = PBXBuildFile; fileRef = EE4D3EE31E49D39D00B37D17 /* Main.storyboard */; };
		EE4D3EE71E49D39D00B37D17 /* Assets.xcassets in Resources */ = {isa = PBXBuildFile; fileRef = EE4D3EE61E49D39D00B37D17 /* Assets.xcassets */; };
		EE4D3EEA1E49D39D00B37D17 /* LaunchScreen.storyboard in Resources */ = {isa = PBXBuildFile; fileRef = EE4D3EE81E49D39D00B37D17 /* LaunchScreen.storyboard */; };
		EE4D3EF51E49D39D00B37D17 /* getDemoTHTests.swift in Sources */ = {isa = PBXBuildFile; fileRef = EE4D3EF41E49D39D00B37D17 /* getDemoTHTests.swift */; };
/* End PBXBuildFile section */

/* Begin PBXContainerItemProxy section */
		EE4D3EF11E49D39D00B37D17 /* PBXContainerItemProxy */ = {
			isa = PBXContainerItemProxy;
			containerPortal = EE4D3ED41E49D39C00B37D17 /* Project object */;
			proxyType = 1;
			remoteGlobalIDString = EE4D3EDB1E49D39C00B37D17;
			remoteInfo = getDemoTH;
		};
/* End PBXContainerItemProxy section */

/* Begin PBXFileReference section */
		EE4D3EDC1E49D39D00B37D17 /* getDemoTH.app */ = {isa = PBXFileReference; explicitFileType = wrapper.application; includeInIndex = 0; path = getDemoTH.app; sourceTree = BUILT_PRODUCTS_DIR; };
		EE4D3EDF1E49D39D00B37D17 /* AppDelegate.swift */ = {isa = PBXFileReference; lastKnownFileType = sourcecode.swift; path = AppDelegate.swift; sourceTree = "<group>"; };
		EE4D3EE11E49D39D00B37D17 /* ViewController.swift */ = {isa = PBXFileReference; lastKnownFileType = sourcecode.swift; path = ViewController.swift; sourceTree = "<group>"; };
		EE4D3EE41E49D39D00B37D17 /* Base */ = {isa = PBXFileReference; lastKnownFileType = file.storyboard; name = Base; path = Base.lproj/Main.storyboard; sourceTree = "<group>"; };
		EE4D3EE61E49D39D00B37D17 /* Assets.xcassets */ = {isa = PBXFileReference; lastKnownFileType = folder.assetcatalog; path = Assets.xcassets; sourceTree = "<group>"; };
		EE4D3EE91E49D39D00B37D17 /* Base */ = {isa = PBXFileReference; lastKnownFileType = file.storyboard; name = Base; path = Base.lproj/LaunchScreen.storyboard; sourceTree = "<group>"; };
		EE4D3EEB1E49D39D00B37D17 /* Info.plist */ = {isa = PBXFileReference; lastKnownFileType = text.plist.xml; path = Info.plist; sourceTree = "<group>"; };
		EE4D3EF01E49D39D00B37D17 /* getDemoTHTests.xctest */ = {isa = PBXFileReference; explicitFileType = wrapper.cfbundle; includeInIndex = 0; path = getDemoTHTests.xctest; sourceTree = BUILT_PRODUCTS_DIR; };
		EE4D3EF41E49D39D00B37D17 /* getDemoTHTests.swift */ = {isa = PBXFileReference; lastKnownFileType = sourcecode.swift; path = getDemoTHTests.swift; sourceTree = "<group>"; };
		EE4D3EF61E49D39D00B37D17 /* Info.plist */ = {isa = PBXFileReference; lastKnownFileType = text.plist.xml; path = Info.plist; sourceTree = "<group>"; };
/* End PBXFileReference section */

/* Begin PBXFrameworksBuildPhase section */
		EE4D3ED91E49D39C00B37D17 /* Frameworks */ = {
			isa = PBXFrameworksBuildPhase;
			buildActionMask = 2147483647;
			files = (
			);
			runOnlyForDeploymentPostprocessing = 0;
		};
		EE4D3EED1E49D39D00B37D17 /* Frameworks */ = {
			isa = PBXFrameworksBuildPhase;
			buildActionMask = 2147483647;
			files = (
			);
			runOnlyForDeploymentPostprocessing = 0;
		};
/* End PBXFrameworksBuildPhase section */

/* Begin PBXGroup section */
		EE4D3ED31E49D39C00B37D17 = {
			isa = PBXGroup;
			children = (
				EE4D3EDE1E49D39D00B37D17 /* getDemoTH */,
				EE4D3EF31E49D39D00B37D17 /* getDemoTHTests */,
				EE4D3EDD1E49D39D00B37D17 /* Products */,
			);
			sourceTree = "<group>";
		};
		EE4D3EDD1E49D39D00B37D17 /* Products */ = {
			isa = PBXGroup;
			children = (
				EE4D3EDC1E49D39D00B37D17 /* getDemoTH.app */,
				EE4D3EF01E49D39D00B37D17 /* getDemoTHTests.xctest */,
			);
			name = Products;
			sourceTree = "<group>";
		};
		EE4D3EDE1E49D39D00B37D17 /* getDemoTH */ = {
			isa = PBXGroup;
			children = (
				EE4D3EDF1E49D39D00B37D17 /* AppDelegate.swift */,
				EE4D3EE11E49D39D00B37D17 /* ViewController.swift */,
				EE4D3EE31E49D39D00B37D17 /* Main.storyboard */,
				EE4D3EE61E49D39D00B37D17 /* Assets.xcassets */,
				EE4D3EE81E49D39D00B37D17 /* LaunchScreen.storyboard */,
				EE4D3EEB1E49D39D00B37D17 /* Info.plist */,
			);
			path = getDemoTH;
			sourceTree = "<group>";
		};
		EE4D3EF31E49D39D00B37D17 /* getDemoTHTests */ = {
			isa = PBXGroup;
			children = (
				EE4D3EF41E49D39D00B37D17 /* getDemoTHTests.swift */,
				EE4D3EF61E49D39D00B37D17 /* Info.plist */,
			);
			path = getDemoTHTests;
			sourceTree = "<group>";
		};
/* End PBXGroup section */

/* Begin PBXNativeTarget section */
		EE4D3EDB1E49D39C00B37D17 /* getDemoTH */ = {
			isa = PBXNativeTarget;
			buildConfigurationList = EE4D3EF91E49D39D00B37D17 /* Build configuration list for PBXNativeTarget "getDemoTH" */;
			buildPhases = (
				EE4D3ED81E49D39C00B37D17 /* Sources */,
				EE4D3ED91E49D39C00B37D17 /* Frameworks */,
				EE4D3EDA1E49D39C00B37D17 /* Resources */,
			);
			buildRules = (
			);
			dependencies = (
			);
			name = getDemoTH;
			productName = getDemoTH;
			productReference = EE4D3EDC1E49D39D00B37D17 /* getDemoTH.app */;
			productType = "com.apple.product-type.application";
		};
		EE4D3EEF1E49D39D00B37D17 /* getDemoTHTests */ = {
			isa = PBXNativeTarget;
			buildConfigurationList = EE4D3EFC1E49D39D00B37D17 /* Build configuration list for PBXNativeTarget "getDemoTHTests" */;
			buildPhases = (
				EE4D3EEC1E49D39D00B37D17 /* Sources */,
				EE4D3EED1E49D39D00B37D17 /* Frameworks */,
				EE4D3EEE1E49D39D00B37D17 /* Resources */,
			);
			buildRules = (
			);
			dependencies = (
				EE4D3EF21E49D39D00B37D17 /* PBXTargetDependency */,
			);
			name = getDemoTHTests;
			productName = getDemoTHTests;
			productReference = EE4D3EF01E49D39D00B37D17 /* getDemoTHTests.xctest */;
			productType = "com.apple.product-type.bundle.unit-test";
		};
/* End PBXNativeTarget section */

/* Begin PBXProject section */
		EE4D3ED41E49D39C00B37D17 /* Project object */ = {
			isa = PBXProject;
			attributes = {
				LastSwiftUpdateCheck = 0820;
				LastUpgradeCheck = 0820;
				ORGANIZATIONNAME = "Pigeon Penguin";
				TargetAttributes = {
					EE4D3EDB1E49D39C00B37D17 = {
						CreatedOnToolsVersion = 8.2.1;
						DevelopmentTeam = Y9GHVUCJK6;
						ProvisioningStyle = Automatic;
					};
					EE4D3EEF1E49D39D00B37D17 = {
						CreatedOnToolsVersion = 8.2.1;
						DevelopmentTeam = Y9GHVUCJK6;
						ProvisioningStyle = Automatic;
						TestTargetID = EE4D3EDB1E49D39C00B37D17;
					};
				};
			};
			buildConfigurationList = EE4D3ED71E49D39C00B37D17 /* Build configuration list for PBXProject "getDemoTH" */;
			compatibilityVersion = "Xcode 3.2";
			developmentRegion = English;
			hasScannedForEncodings = 0;
			knownRegions = (
				en,
				Base,
			);
			mainGroup = EE4D3ED31E49D39C00B37D17;
			productRefGroup = EE4D3EDD1E49D39D00B37D17 /* Products */;
			projectDirPath = "";
			projectRoot = "";
			targets = (
				EE4D3EDB1E49D39C00B37D17 /* getDemoTH */,
				EE4D3EEF1E49D39D00B37D17 /* getDemoTHTests */,
			);
		};
/* End PBXProject section */

/* Begin PBXResourcesBuildPhase section */
		EE4D3EDA1E49D39C00B37D17 /* Resources */ = {
			isa = PBXResourcesBuildPhase;
			buildActionMask = 2147483647;
			files = (
				EE4D3EEA1E49D39D00B37D17 /* LaunchScreen.storyboard in Resources */,
				EE4D3EE71E49D39D00B37D17 /* Assets.xcassets in Resources */,
				EE4D3EE51E49D39D00B37D17 /* Main.storyboard in Resources */,
			);
			runOnlyForDeploymentPostprocessing = 0;
		};
		EE4D3EEE1E49D39D00B37D17 /* Resources */ = {
			isa = PBXResourcesBuildPhase;
			buildActionMask = 2147483647;
			files = (
			);
			runOnlyForDeploymentPostprocessing = 0;
		};
/* End PBXResourcesBuildPhase section */

/* Begin PBXSourcesBuildPhase section */
		EE4D3ED81E49D39C00B37D17 /* Sources */ = {
			isa = PBXSourcesBuildPhase;
			buildActionMask = 2147483647;
			files = (
				EE4D3EE21E49D39D00B37D17 /* ViewController.swift in Sources */,
				EE4D3EE01E49D39D00B37D17 /* AppDelegate.swift in Sources */,
			);
			runOnlyForDeploymentPostprocessing = 0;
		};
		EE4D3EEC1E49D39D00B37D17 /* Sources */ = {
			isa = PBXSourcesBuildPhase;
			buildActionMask = 2147483647;
			files = (
				EE4D3EF51E49D39D00B37D17 /* getDemoTHTests.swift in Sources */,
			);
			runOnlyForDeploymentPostprocessing = 0;
		};
/* End PBXSourcesBuildPhase section */

/* Begin PBXTargetDependency section */
		EE4D3EF21E49D39D00B37D17 /* PBXTargetDependency */ = {
			isa = PBXTargetDependency;
			target = EE4D3EDB1E49D39C00B37D17 /* getDemoTH */;
			targetProxy = EE4D3EF11E49D39D00B37D17 /* PBXContainerItemProxy */;
		};
/* End PBXTargetDependency section */

/* Begin PBXVariantGroup section */
		EE4D3EE31E49D39D00B37D17 /* Main.storyboard */ = {
			isa = PBXVariantGroup;
			children = (
				EE4D3EE41E49D39D00B37D17 /* Base */,
			);
			name = Main.storyboard;
			sourceTree = "<group>";
		};
		EE4D3EE81E49D39D00B37D17 /* LaunchScreen.storyboard */ = {
			isa = PBXVariantGroup;
			children = (
				EE4D3EE91E49D39D00B37D17 /* Base */,
			);
			name = LaunchScreen.storyboard;
			sourceTree = "<group>";
		};
/* End PBXVariantGroup section */

/* Begin XCBuildConfiguration section */
		EE4D3EF71E49D39D00B37D17 /* Debug */ = {
			isa = XCBuildConfiguration;
			buildSettings = {
				ALWAYS_SEARCH_USER_PATHS = NO;
				CLANG_ANALYZER_NONNULL = YES;
				CLANG_CXX_LANGUAGE_STANDARD = "gnu++0x";
				CLANG_CXX_LIBRARY = "libc++";
				CLANG_ENABLE_MODULES = YES;
				CLANG_ENABLE_OBJC_ARC = YES;
				CLANG_WARN_BOOL_CONVERSION = YES;
				CLANG_WARN_CONSTANT_CONVERSION = YES;
				CLANG_WARN_DIRECT_OBJC_ISA_USAGE = YES_ERROR;
				CLANG_WARN_DOCUMENTATION_COMMENTS = YES;
				CLANG_WARN_EMPTY_BODY = YES;
				CLANG_WARN_ENUM_CONVERSION = YES;
				CLANG_WARN_INFINITE_RECURSION = YES;
				CLANG_WARN_INT_CONVERSION = YES;
				CLANG_WARN_OBJC_ROOT_CLASS = YES_ERROR;
				CLANG_WARN_SUSPICIOUS_MOVE = YES;
				CLANG_WARN_UNREACHABLE_CODE = YES;
				CLANG_WARN__DUPLICATE_METHOD_MATCH = YES;
				"CODE_SIGN_IDENTITY[sdk=iphoneos*]" = "iPhone Developer";
				COPY_PHASE_STRIP = NO;
				DEBUG_INFORMATION_FORMAT = dwarf;
				ENABLE_STRICT_OBJC_MSGSEND = YES;
				ENABLE_TESTABILITY = YES;
				GCC_C_LANGUAGE_STANDARD = gnu99;
				GCC_DYNAMIC_NO_PIC = NO;
				GCC_NO_COMMON_BLOCKS = YES;
				GCC_OPTIMIZATION_LEVEL = 0;
				GCC_PREPROCESSOR_DEFINITIONS = (
					"DEBUG=1",
					"$(inherited)",
				);
				GCC_WARN_64_TO_32_BIT_CONVERSION = YES;
				GCC_WARN_ABOUT_RETURN_TYPE = YES_ERROR;
				GCC_WARN_UNDECLARED_SELECTOR = YES;
				GCC_WARN_UNINITIALIZED_AUTOS = YES_AGGRESSIVE;
				GCC_WARN_UNUSED_FUNCTION = YES;
				GCC_WARN_UNUSED_VARIABLE = YES;
				IPHONEOS_DEPLOYMENT_TARGET = 10.2;
				MTL_ENABLE_DEBUG_INFO = YES;
				ONLY_ACTIVE_ARCH = YES;
				SDKROOT = iphoneos;
				SWIFT_ACTIVE_COMPILATION_CONDITIONS = DEBUG;
				SWIFT_OPTIMIZATION_LEVEL = "-Onone";
			};
			name = Debug;
		};
		EE4D3EF81E49D39D00B37D17 /* Release */ = {
			isa = XCBuildConfiguration;
			buildSettings = {
				ALWAYS_SEARCH_USER_PATHS = NO;
				CLANG_ANALYZER_NONNULL = YES;
				CLANG_CXX_LANGUAGE_STANDARD = "gnu++0x";
				CLANG_CXX_LIBRARY = "libc++";
				CLANG_ENABLE_MODULES = YES;
				CLANG_ENABLE_OBJC_ARC = YES;
				CLANG_WARN_BOOL_CONVERSION = YES;
				CLANG_WARN_CONSTANT_CONVERSION = YES;
				CLANG_WARN_DIRECT_OBJC_ISA_USAGE = YES_ERROR;
				CLANG_WARN_DOCUMENTATION_COMMENTS = YES;
				CLANG_WARN_EMPTY_BODY = YES;
				CLANG_WARN_ENUM_CONVERSION = YES;
				CLANG_WARN_INFINITE_RECURSION = YES;
				CLANG_WARN_INT_CONVERSION = YES;
				CLANG_WARN_OBJC_ROOT_CLASS = YES_ERROR;
				CLANG_WARN_SUSPICIOUS_MOVE = YES;
				CLANG_WARN_UNREACHABLE_CODE = YES;
				CLANG_WARN__DUPLICATE_METHOD_MATCH = YES;
				"CODE_SIGN_IDENTITY[sdk=iphoneos*]" = "iPhone Developer";
				COPY_PHASE_STRIP = NO;
				DEBUG_INFORMATION_FORMAT = "dwarf-with-dsym";
				ENABLE_NS_ASSERTIONS = NO;
				ENABLE_STRICT_OBJC_MSGSEND = YES;
				GCC_C_LANGUAGE_STANDARD = gnu99;
				GCC_NO_COMMON_BLOCKS = YES;
				GCC_WARN_64_TO_32_BIT_CONVERSION = YES;
				GCC_WARN_ABOUT_RETURN_TYPE = YES_ERROR;
				GCC_WARN_UNDECLARED_SELECTOR = YES;
				GCC_WARN_UNINITIALIZED_AUTOS = YES_AGGRESSIVE;
				GCC_WARN_UNUSED_FUNCTION = YES;
				GCC_WARN_UNUSED_VARIABLE = YES;
				IPHONEOS_DEPLOYMENT_TARGET = 10.2;
				MTL_ENABLE_DEBUG_INFO = NO;
				SDKROOT = iphoneos;
				SWIFT_OPTIMIZATION_LEVEL = "-Owholemodule";
				VALIDATE_PRODUCT = YES;
			};
			name = Release;
		};
		EE4D3EFA1E49D39D00B37D17 /* Debug */ = {
			isa = XCBuildConfiguration;
			buildSettings = {
				ASSETCATALOG_COMPILER_APPICON_NAME = AppIcon;
				DEVELOPMENT_TEAM = Y9GHVUCJK6;
				INFOPLIST_FILE = getDemoTH/Info.plist;
				LD_RUNPATH_SEARCH_PATHS = "$(inherited) @executable_path/Frameworks";
				PRODUCT_BUNDLE_IDENTIFIER = com.pigeonpenguin.getDemoTH;
				PRODUCT_NAME = "$(TARGET_NAME)";
				SWIFT_VERSION = 3.0;
			};
			name = Debug;
		};
		EE4D3EFB1E49D39D00B37D17 /* Release */ = {
			isa = XCBuildConfiguration;
			buildSettings = {
				ASSETCATALOG_COMPILER_APPICON_NAME = AppIcon;
				DEVELOPMENT_TEAM = Y9GHVUCJK6;
				INFOPLIST_FILE = getDemoTH/Info.plist;
				LD_RUNPATH_SEARCH_PATHS = "$(inherited) @executable_path/Frameworks";
				PRODUCT_BUNDLE_IDENTIFIER = com.pigeonpenguin.getDemoTH;
				PRODUCT_NAME = "$(TARGET_NAME)";
				SWIFT_VERSION = 3.0;
			};
			name = Release;
		};
		EE4D3EFD1E49D39D00B37D17 /* Debug */ = {
			isa = XCBuildConfiguration;
			buildSettings = {
				ALWAYS_EMBED_SWIFT_STANDARD_LIBRARIES = YES;
				BUNDLE_LOADER = "$(TEST_HOST)";
				DEVELOPMENT_TEAM = Y9GHVUCJK6;
				INFOPLIST_FILE = getDemoTHTests/Info.plist;
				LD_RUNPATH_SEARCH_PATHS = "$(inherited) @executable_path/Frameworks @loader_path/Frameworks";
				PRODUCT_BUNDLE_IDENTIFIER = com.pigeonpenguin.getDemoTHTests;
				PRODUCT_NAME = "$(TARGET_NAME)";
				SWIFT_VERSION = 3.0;
				TEST_HOST = "$(BUILT_PRODUCTS_DIR)/getDemoTH.app/getDemoTH";
			};
			name = Debug;
		};
		EE4D3EFE1E49D39D00B37D17 /* Release */ = {
			isa = XCBuildConfiguration;
			buildSettings = {
				ALWAYS_EMBED_SWIFT_STANDARD_LIBRARIES = YES;
				BUNDLE_LOADER = "$(TEST_HOST)";
				DEVELOPMENT_TEAM = Y9GHVUCJK6;
				INFOPLIST_FILE = getDemoTHTests/Info.plist;
				LD_RUNPATH_SEARCH_PATHS = "$(inherited) @executable_path/Frameworks @loader_path/Frameworks";
				PRODUCT_BUNDLE_IDENTIFIER = com.pigeonpenguin.getDemoTHTests;
				PRODUCT_NAME = "$(TARGET_NAME)";
				SWIFT_VERSION = 3.0;
				TEST_HOST = "$(BUILT_PRODUCTS_DIR)/getDemoTH.app/getDemoTH";
			};
			name = Release;
		};
/* End XCBuildConfiguration section */

/* Begin XCConfigurationList section */
		EE4D3ED71E49D39C00B37D17 /* Build configuration list for PBXProject "getDemoTH" */ = {
			isa = XCConfigurationList;
			buildConfigurations = (
				EE4D3EF71E49D39D00B37D17 /* Debug */,
				EE4D3EF81E49D39D00B37D17 /* Release */,
			);
			defaultConfigurationIsVisible = 0;
			defaultConfigurationName = Release;
		};
		EE4D3EF91E49D39D00B37D17 /* Build configuration list for PBXNativeTarget "getDemoTH" */ = {
			isa = XCConfigurationList;
			buildConfigurations = (
				EE4D3EFA1E49D39D00B37D17 /* Debug */,
				EE4D3EFB1E49D39D00B37D17 /* Release */,
			);
			defaultConfigurationIsVisible = 0;
		};
		EE4D3EFC1E49D39D00B37D17 /* Build configuration list for PBXNativeTarget "getDemoTHTests" */ = {
			isa = XCConfigurationList;
			buildConfigurations = (
				EE4D3EFD1E49D39D00B37D17 /* Debug */,
				EE4D3EFE1E49D39D00B37D17 /* Release */,
			);
			defaultConfigurationIsVisible = 0;
		};
/* End XCConfigurationList section */
	};
	rootObject = EE4D3ED41E49D39C00B37D17 /* Project object */;
}
